
Microsoft Visual Studio Solution File, Format Version 12.00
# Visual Studio Version 17
VisualStudioVersion = 17.7.34003.232
MinimumVisualStudioVersion = 10.0.40219.1
Project("{FAE04EC0-301F-11D3-BF4B-00C04F79EFBC}") = "Inheritance_Challenge_Bosses_ AndTrainees", "Inheritance_Challengees_Bosses_ AndTrainees\Inheritance_Challenge_Bosses_ AndTrainees.csproj", "{598C8518-67F3-4383-AA04-765ED04D402B}"
EndProject
Global
	GlobalSection(SolutionConfigurationPlatforms) = preSolution
		Debug|Any CPU = Debug|Any CPU
		Release|Any CPU = Release|Any CPU
	EndGlobalSection
	GlobalSection(ProjectConfigurationPlatforms) = postSolution
		{598C8518-67F3-4383-AA04-765ED04D402B}.Debug|Any CPU.ActiveCfg = Debug|Any CPU
		{598C8518-67F3-4383-AA04-765ED04D402B}.Debug|Any CPU.Build.0 = Debug|Any CPU
		{598C8518-67F3-4383-AA04-765ED04D402B}.Release|Any CPU.ActiveCfg = Release|Any CPU
		{598C8518-67F3-4383-AA04-765ED04D402B}.Release|Any CPU.Build.0 = Release|Any CPU
	EndGlobalSection
	GlobalSection(SolutionProperties) = preSolution
		HideSolutionNode = FALSE
	EndGlobalSection
	GlobalSection(ExtensibilityGlobals) = postSolution
		SolutionGuid = {0B9E565E-511E-453B-BA15-F87542A1635A}
	EndGlobalSection
EndGlobal
