
Microsoft Visual Studio Solution File, Format Version 12.00
# Visual Studio Version 17
VisualStudioVersion = 17.7.34003.232
MinimumVisualStudioVersion = 10.0.40219.1
Project("{FAE04EC0-301F-11D3-BF4B-00C04F79EFBC}") = "InheritanceChallenge_VideoPost_WithTimerAndCallback", "InheritanceChallenge_VideoPost_WithTimerAndCallback\InheritanceChallenge_VideoPost_WithTimerAndCallback.csproj", "{F7B6A353-CC1F-4061-AFC4-17913377B5BD}"
EndProject
Global
	GlobalSection(SolutionConfigurationPlatforms) = preSolution
		Debug|Any CPU = Debug|Any CPU
		Release|Any CPU = Release|Any CPU
	EndGlobalSection
	GlobalSection(ProjectConfigurationPlatforms) = postSolution
		{F7B6A353-CC1F-4061-AFC4-17913377B5BD}.Debug|Any CPU.ActiveCfg = Debug|Any CPU
		{F7B6A353-CC1F-4061-AFC4-17913377B5BD}.Debug|Any CPU.Build.0 = Debug|Any CPU
		{F7B6A353-CC1F-4061-AFC4-17913377B5BD}.Release|Any CPU.ActiveCfg = Release|Any CPU
		{F7B6A353-CC1F-4061-AFC4-17913377B5BD}.Release|Any CPU.Build.0 = Release|Any CPU
	EndGlobalSection
	GlobalSection(SolutionProperties) = preSolution
		HideSolutionNode = FALSE
	EndGlobalSection
	GlobalSection(ExtensibilityGlobals) = postSolution
		SolutionGuid = {C5BB9840-D8EC-406A-8612-64048A5E2FB3}
	EndGlobalSection
EndGlobal
